
Microsoft Visual Studio Solution File, Format Version 12.00
# Visual Studio Version 17
VisualStudioVersion = 17.12.35707.178
MinimumVisualStudioVersion = 10.0.40219.1
Project("{FAE04EC0-301F-11D3-BF4B-00C04F79EFBC}") = "Capa_Datos", "ProductosAgri2.0\Capa_Datos.csproj", "{CBF22178-8588-4377-B850-9DF44B5EF333}"
EndProject
Project("{FAE04EC0-301F-11D3-BF4B-00C04F79EFBC}") = "Capa_Negocios", "Capa_Negocios\Capa_Negocios.csproj", "{71C035F3-7DDA-489D-868A-D22E2906F691}"
EndProject
Project("{FAE04EC0-301F-11D3-BF4B-00C04F79EFBC}") = "Capa_Interfas", "Capa_Interfas\Capa_Interfas.csproj", "{769E3319-EA3E-4EC5-A5A4-2A46910806C2}"
EndProject
Global
	GlobalSection(SolutionConfigurationPlatforms) = preSolution
		Debug|Any CPU = Debug|Any CPU
		Release|Any CPU = Release|Any CPU
	EndGlobalSection
	GlobalSection(ProjectConfigurationPlatforms) = postSolution
		{CBF22178-8588-4377-B850-9DF44B5EF333}.Debug|Any CPU.ActiveCfg = Debug|Any CPU
		{CBF22178-8588-4377-B850-9DF44B5EF333}.Debug|Any CPU.Build.0 = Debug|Any CPU
		{CBF22178-8588-4377-B850-9DF44B5EF333}.Release|Any CPU.ActiveCfg = Release|Any CPU
		{CBF22178-8588-4377-B850-9DF44B5EF333}.Release|Any CPU.Build.0 = Release|Any CPU
		{71C035F3-7DDA-489D-868A-D22E2906F691}.Debug|Any CPU.ActiveCfg = Debug|Any CPU
		{71C035F3-7DDA-489D-868A-D22E2906F691}.Debug|Any CPU.Build.0 = Debug|Any CPU
		{71C035F3-7DDA-489D-868A-D22E2906F691}.Release|Any CPU.ActiveCfg = Release|Any CPU
		{71C035F3-7DDA-489D-868A-D22E2906F691}.Release|Any CPU.Build.0 = Release|Any CPU
		{769E3319-EA3E-4EC5-A5A4-2A46910806C2}.Debug|Any CPU.ActiveCfg = Debug|Any CPU
		{769E3319-EA3E-4EC5-A5A4-2A46910806C2}.Debug|Any CPU.Build.0 = Debug|Any CPU
		{769E3319-EA3E-4EC5-A5A4-2A46910806C2}.Release|Any CPU.ActiveCfg = Release|Any CPU
		{769E3319-EA3E-4EC5-A5A4-2A46910806C2}.Release|Any CPU.Build.0 = Release|Any CPU
	EndGlobalSection
	GlobalSection(SolutionProperties) = preSolution
		HideSolutionNode = FALSE
	EndGlobalSection
EndGlobal
